
Microsoft Visual Studio Solution File, Format Version 12.00
# Visual Studio Version 17
VisualStudioVersion = 17.14.36301.6 d17.14
MinimumVisualStudioVersion = 10.0.40219.1
Project("{FAE04EC0-301F-11D3-BF4B-00C04F79EFBC}") = "ITWIP.WebApp", "ITWIP.WebApp.csproj", "{7B74F62F-D102-4C0C-8045-B1C5FB544B5E}"
EndProject
Global
	GlobalSection(SolutionConfigurationPlatforms) = preSolution
		Debug|Any CPU = Debug|Any CPU
		Release|Any CPU = Release|Any CPU
	EndGlobalSection
	GlobalSection(ProjectConfigurationPlatforms) = postSolution
		{7B74F62F-D102-4C0C-8045-B1C5FB544B5E}.Debug|Any CPU.ActiveCfg = Debug|Any CPU
		{7B74F62F-D102-4C0C-8045-B1C5FB544B5E}.Debug|Any CPU.Build.0 = Debug|Any CPU
		{7B74F62F-D102-4C0C-8045-B1C5FB544B5E}.Release|Any CPU.ActiveCfg = Release|Any CPU
		{7B74F62F-D102-4C0C-8045-B1C5FB544B5E}.Release|Any CPU.Build.0 = Release|Any CPU
	EndGlobalSection
	GlobalSection(SolutionProperties) = preSolution
		HideSolutionNode = FALSE
	EndGlobalSection
	GlobalSection(ExtensibilityGlobals) = postSolution
		SolutionGuid = {D86A803A-7DA3-4B3A-8105-50BEED520AF6}
	EndGlobalSection
EndGlobal
